
Microsoft Visual Studio Solution File, Format Version 12.00
# Visual Studio 15
VisualStudioVersion = 15.0.28307.329
MinimumVisualStudioVersion = 10.0.40219.1
Project("{FAE04EC0-301F-11D3-BF4B-00C04F79EFBC}") = "Mvc3", "Mvc3\Mvc3.csproj", "{2AB2DB93-C35A-414D-A69F-3FCAA8561687}"
EndProject
Project("{FAE04EC0-301F-11D3-BF4B-00C04F79EFBC}") = "ToDoApp303", "ToDoApp303\ToDoApp303.csproj", "{C0DD6C3F-3308-4AAD-8BB0-C4C5FBDE4D16}"
EndProject
Global
	GlobalSection(SolutionConfigurationPlatforms) = preSolution
		Debug|Any CPU = Debug|Any CPU
		Release|Any CPU = Release|Any CPU
	EndGlobalSection
	GlobalSection(ProjectConfigurationPlatforms) = postSolution
		{2AB2DB93-C35A-414D-A69F-3FCAA8561687}.Debug|Any CPU.ActiveCfg = Debug|Any CPU
		{2AB2DB93-C35A-414D-A69F-3FCAA8561687}.Debug|Any CPU.Build.0 = Debug|Any CPU
		{2AB2DB93-C35A-414D-A69F-3FCAA8561687}.Release|Any CPU.ActiveCfg = Release|Any CPU
		{2AB2DB93-C35A-414D-A69F-3FCAA8561687}.Release|Any CPU.Build.0 = Release|Any CPU
		{C0DD6C3F-3308-4AAD-8BB0-C4C5FBDE4D16}.Debug|Any CPU.ActiveCfg = Debug|Any CPU
		{C0DD6C3F-3308-4AAD-8BB0-C4C5FBDE4D16}.Debug|Any CPU.Build.0 = Debug|Any CPU
		{C0DD6C3F-3308-4AAD-8BB0-C4C5FBDE4D16}.Release|Any CPU.ActiveCfg = Release|Any CPU
		{C0DD6C3F-3308-4AAD-8BB0-C4C5FBDE4D16}.Release|Any CPU.Build.0 = Release|Any CPU
	EndGlobalSection
	GlobalSection(SolutionProperties) = preSolution
		HideSolutionNode = FALSE
	EndGlobalSection
	GlobalSection(ExtensibilityGlobals) = postSolution
		SolutionGuid = {8D5097A6-B80E-47C3-B623-BEE570FAD0E3}
	EndGlobalSection
EndGlobal
